
Microsoft Visual Studio Solution File, Format Version 12.00
# Visual Studio 15
VisualStudioVersion = 15.0.27004.2010
MinimumVisualStudioVersion = 10.0.40219.1
Project("{8BC9CEB8-8B4A-11D0-8D11-00A0C91BC942}") = "KVStore", "KVStore\KVStore.vcxproj", "{FABB5F06-8C06-4843-88EC-146091CB6824}"
EndProject
Global
	GlobalSection(SolutionConfigurationPlatforms) = preSolution
		Debug|x64 = Debug|x64
		Debug|x86 = Debug|x86
		Release|x64 = Release|x64
		Release|x86 = Release|x86
	EndGlobalSection
	GlobalSection(ProjectConfigurationPlatforms) = postSolution
		{FABB5F06-8C06-4843-88EC-146091CB6824}.Debug|x64.ActiveCfg = Debug|x64
		{FABB5F06-8C06-4843-88EC-146091CB6824}.Debug|x64.Build.0 = Debug|x64
		{FABB5F06-8C06-4843-88EC-146091CB6824}.Debug|x86.ActiveCfg = Debug|Win32
		{FABB5F06-8C06-4843-88EC-146091CB6824}.Debug|x86.Build.0 = Debug|Win32
		{FABB5F06-8C06-4843-88EC-146091CB6824}.Release|x64.ActiveCfg = Release|x64
		{FABB5F06-8C06-4843-88EC-146091CB6824}.Release|x64.Build.0 = Release|x64
		{FABB5F06-8C06-4843-88EC-146091CB6824}.Release|x86.ActiveCfg = Release|Win32
		{FABB5F06-8C06-4843-88EC-146091CB6824}.Release|x86.Build.0 = Release|Win32
	EndGlobalSection
	GlobalSection(SolutionProperties) = preSolution
		HideSolutionNode = FALSE
	EndGlobalSection
	GlobalSection(ExtensibilityGlobals) = postSolution
		SolutionGuid = {03379B77-475C-4D38-B53B-247BF73381B7}
	EndGlobalSection
EndGlobal
